
Microsoft Visual Studio Solution File, Format Version 12.00
# Visual Studio Version 17
VisualStudioVersion = 17.14.37314.3
MinimumVisualStudioVersion = 10.0.40219.1
Project("{FAE04EC0-301F-11D3-BF4B-00C04F79EFBC}") = "DVLD Project", "DVLD Project.csproj", "{4D1687C2-30C4-47ED-8270-C1AC6582D1D5}"
EndProject
Project("{FAE04EC0-301F-11D3-BF4B-00C04F79EFBC}") = "DVLD_DataAccess", "..\DVLD_DataAccess\DVLD_DataAccess.csproj", "{BC17633E-3BC0-4BEA-B472-ECD440C1CB2B}"
EndProject
Project("{FAE04EC0-301F-11D3-BF4B-00C04F79EFBC}") = "DVLD_BuisnessLayer", "..\DVLD_BuisnessLayer\DVLD_BuisnessLayer.csproj", "{F99BAFAD-E407-4D29-B8B5-09E7322B5606}"
EndProject
Global
	GlobalSection(SolutionConfigurationPlatforms) = preSolution
		Debug|Any CPU = Debug|Any CPU
		Release|Any CPU = Release|Any CPU
	EndGlobalSection
	GlobalSection(ProjectConfigurationPlatforms) = postSolution
		{4D1687C2-30C4-47ED-8270-C1AC6582D1D5}.Debug|Any CPU.ActiveCfg = Debug|Any CPU
		{4D1687C2-30C4-47ED-8270-C1AC6582D1D5}.Debug|Any CPU.Build.0 = Debug|Any CPU
		{4D1687C2-30C4-47ED-8270-C1AC6582D1D5}.Release|Any CPU.ActiveCfg = Release|Any CPU
		{4D1687C2-30C4-47ED-8270-C1AC6582D1D5}.Release|Any CPU.Build.0 = Release|Any CPU
		{BC17633E-3BC0-4BEA-B472-ECD440C1CB2B}.Debug|Any CPU.ActiveCfg = Debug|Any CPU
		{BC17633E-3BC0-4BEA-B472-ECD440C1CB2B}.Debug|Any CPU.Build.0 = Debug|Any CPU
		{BC17633E-3BC0-4BEA-B472-ECD440C1CB2B}.Release|Any CPU.ActiveCfg = Release|Any CPU
		{BC17633E-3BC0-4BEA-B472-ECD440C1CB2B}.Release|Any CPU.Build.0 = Release|Any CPU
		{F99BAFAD-E407-4D29-B8B5-09E7322B5606}.Debug|Any CPU.ActiveCfg = Debug|Any CPU
		{F99BAFAD-E407-4D29-B8B5-09E7322B5606}.Debug|Any CPU.Build.0 = Debug|Any CPU
		{F99BAFAD-E407-4D29-B8B5-09E7322B5606}.Release|Any CPU.ActiveCfg = Release|Any CPU
		{F99BAFAD-E407-4D29-B8B5-09E7322B5606}.Release|Any CPU.Build.0 = Release|Any CPU
	EndGlobalSection
	GlobalSection(SolutionProperties) = preSolution
		HideSolutionNode = FALSE
	EndGlobalSection
	GlobalSection(ExtensibilityGlobals) = postSolution
		SolutionGuid = {BDA3BC3E-01E7-4A5B-911D-AC6CCF01E15A}
	EndGlobalSection
EndGlobal
